
Microsoft Visual Studio Solution File, Format Version 12.00
# Visual Studio Version 16
VisualStudioVersion = 16.0.30717.126
MinimumVisualStudioVersion = 10.0.40219.1
Project("{9A19103F-16F7-4668-BE54-9A1E7A4F7556}") = "CoreRankingAPI", "..\CoreRankingAPI\CoreRankingAPI.csproj", "{B605929C-83A7-4B68-923B-DD88F117677F}"
EndProject
Global
	GlobalSection(SolutionConfigurationPlatforms) = preSolution
		Debug|Any CPU = Debug|Any CPU
		Release|Any CPU = Release|Any CPU
	EndGlobalSection
	GlobalSection(ProjectConfigurationPlatforms) = postSolution
		{B605929C-83A7-4B68-923B-DD88F117677F}.Debug|Any CPU.ActiveCfg = Debug|Any CPU
		{B605929C-83A7-4B68-923B-DD88F117677F}.Debug|Any CPU.Build.0 = Debug|Any CPU
		{B605929C-83A7-4B68-923B-DD88F117677F}.Release|Any CPU.ActiveCfg = Release|Any CPU
		{B605929C-83A7-4B68-923B-DD88F117677F}.Release|Any CPU.Build.0 = Release|Any CPU
	EndGlobalSection
	GlobalSection(SolutionProperties) = preSolution
		HideSolutionNode = FALSE
	EndGlobalSection
	GlobalSection(ExtensibilityGlobals) = postSolution
		SolutionGuid = {AA3479D5-545A-42AF-B084-ECF74A9B9E0D}
	EndGlobalSection
EndGlobal
